
Microsoft Visual Studio Solution File, Format Version 12.00
# Visual Studio Version 16
VisualStudioVersion = 16.0.31005.135
MinimumVisualStudioVersion = 10.0.40219.1
Project("{FAE04EC0-301F-11D3-BF4B-00C04F79EFBC}") = "RazerPageUsers2", "RazerPageUsers2\RazerPageUsers2.csproj", "{F3E36069-4D08-4FA9-9A13-ABB1C3E5CE8B}"
EndProject
Global
	GlobalSection(SolutionConfigurationPlatforms) = preSolution
		Debug|Any CPU = Debug|Any CPU
		Release|Any CPU = Release|Any CPU
	EndGlobalSection
	GlobalSection(ProjectConfigurationPlatforms) = postSolution
		{F3E36069-4D08-4FA9-9A13-ABB1C3E5CE8B}.Debug|Any CPU.ActiveCfg = Debug|Any CPU
		{F3E36069-4D08-4FA9-9A13-ABB1C3E5CE8B}.Debug|Any CPU.Build.0 = Debug|Any CPU
		{F3E36069-4D08-4FA9-9A13-ABB1C3E5CE8B}.Release|Any CPU.ActiveCfg = Release|Any CPU
		{F3E36069-4D08-4FA9-9A13-ABB1C3E5CE8B}.Release|Any CPU.Build.0 = Release|Any CPU
	EndGlobalSection
	GlobalSection(SolutionProperties) = preSolution
		HideSolutionNode = FALSE
	EndGlobalSection
	GlobalSection(ExtensibilityGlobals) = postSolution
		SolutionGuid = {BE349215-9D87-4354-AC18-21C5C0A17FE8}
	EndGlobalSection
EndGlobal
